// !$*UTF8*$!
{
	archiveVersion = 1;
	classes = {
	};
	objectVersion = 46;
	objects = {

/* Begin PBXBuildFile section */
		874ABBAE1AB3D23F00395AB0 /* Track.swift in Sources */ = {isa = PBXBuildFile; fileRef = 874ABBAD1AB3D23F00395AB0 /* Track.swift */; };
		874ABBB01AB3D8C700395AB0 /* TrackCell.swift in Sources */ = {isa = PBXBuildFile; fileRef = 874ABBAF1AB3D8C700395AB0 /* TrackCell.swift */; };
		87C607F11AB3257600C36E24 /* AppDelegate.swift in Sources */ = {isa = PBXBuildFile; fileRef = 87C607F01AB3257600C36E24 /* AppDelegate.swift */; };
		87C607F31AB3257600C36E24 /* SearchResultsViewController.swift in Sources */ = {isa = PBXBuildFile; fileRef = 87C607F21AB3257600C36E24 /* SearchResultsViewController.swift */; };
		87C607F61AB3257600C36E24 /* Main.storyboard in Resources */ = {isa = PBXBuildFile; fileRef = 87C607F41AB3257600C36E24 /* Main.storyboard */; };
		87C607F81AB3257600C36E24 /* Images.xcassets in Resources */ = {isa = PBXBuildFile; fileRef = 87C607F71AB3257600C36E24 /* Images.xcassets */; };
		87C607FB1AB3257600C36E24 /* LaunchScreen.xib in Resources */ = {isa = PBXBuildFile; fileRef = 87C607F91AB3257600C36E24 /* LaunchScreen.xib */; };
		87C608071AB3257600C36E24 /* HelloWorldTests.swift in Sources */ = {isa = PBXBuildFile; fileRef = 87C608061AB3257600C36E24 /* HelloWorldTests.swift */; };
		87C608111AB3308500C36E24 /* APIController.swift in Sources */ = {isa = PBXBuildFile; fileRef = 87C608101AB3308500C36E24 /* APIController.swift */; };
		87C608131AB33B8300C36E24 /* Blank52.png in Resources */ = {isa = PBXBuildFile; fileRef = 87C608121AB33B8300C36E24 /* Blank52.png */; };
		87C608151AB33E8400C36E24 /* Album.swift in Sources */ = {isa = PBXBuildFile; fileRef = 87C608141AB33E8400C36E24 /* Album.swift */; };
		87C608171AB3445C00C36E24 /* DetailsViewController.swift in Sources */ = {isa = PBXBuildFile; fileRef = 87C608161AB3445C00C36E24 /* DetailsViewController.swift */; };
/* End PBXBuildFile section */

/* Begin PBXContainerItemProxy section */
		87C608011AB3257600C36E24 /* PBXContainerItemProxy */ = {
			isa = PBXContainerItemProxy;
			containerPortal = 87C607E31AB3257600C36E24 /* Project object */;
			proxyType = 1;
			remoteGlobalIDString = 87C607EA1AB3257600C36E24;
			remoteInfo = HelloWorld;
		};
/* End PBXContainerItemProxy section */

/* Begin PBXFileReference section */
		874ABBAD1AB3D23F00395AB0 /* Track.swift */ = {isa = PBXFileReference; fileEncoding = 4; lastKnownFileType = sourcecode.swift; path = Track.swift; sourceTree = "<group>"; };
		874ABBAF1AB3D8C700395AB0 /* TrackCell.swift */ = {isa = PBXFileReference; fileEncoding = 4; lastKnownFileType = sourcecode.swift; path = TrackCell.swift; sourceTree = "<group>"; };
		87C607EB1AB3257600C36E24 /* HelloWorld.app */ = {isa = PBXFileReference; explicitFileType = wrapper.application; includeInIndex = 0; path = HelloWorld.app; sourceTree = BUILT_PRODUCTS_DIR; };
		87C607EF1AB3257600C36E24 /* Info.plist */ = {isa = PBXFileReference; lastKnownFileType = text.plist.xml; path = Info.plist; sourceTree = "<group>"; };
		87C607F01AB3257600C36E24 /* AppDelegate.swift */ = {isa = PBXFileReference; lastKnownFileType = sourcecode.swift; path = AppDelegate.swift; sourceTree = "<group>"; };
		87C607F21AB3257600C36E24 /* SearchResultsViewController.swift */ = {isa = PBXFileReference; lastKnownFileType = sourcecode.swift; path = SearchResultsViewController.swift; sourceTree = "<group>"; };
		87C607F51AB3257600C36E24 /* Base */ = {isa = PBXFileReference; lastKnownFileType = file.storyboard; name = Base; path = Base.lproj/Main.storyboard; sourceTree = "<group>"; };
		87C607F71AB3257600C36E24 /* Images.xcassets */ = {isa = PBXFileReference; lastKnownFileType = folder.assetcatalog; path = Images.xcassets; sourceTree = "<group>"; };
		87C607FA1AB3257600C36E24 /* Base */ = {isa = PBXFileReference; lastKnownFileType = file.xib; name = Base; path = Base.lproj/LaunchScreen.xib; sourceTree = "<group>"; };
		87C608001AB3257600C36E24 /* HelloWorldTests.xctest */ = {isa = PBXFileReference; explicitFileType = wrapper.cfbundle; includeInIndex = 0; path = HelloWorldTests.xctest; sourceTree = BUILT_PRODUCTS_DIR; };
		87C608051AB3257600C36E24 /* Info.plist */ = {isa = PBXFileReference; lastKnownFileType = text.plist.xml; path = Info.plist; sourceTree = "<group>"; };
		87C608061AB3257600C36E24 /* HelloWorldTests.swift */ = {isa = PBXFileReference; lastKnownFileType = sourcecode.swift; path = HelloWorldTests.swift; sourceTree = "<group>"; };
		87C608101AB3308500C36E24 /* APIController.swift */ = {isa = PBXFileReference; fileEncoding = 4; lastKnownFileType = sourcecode.swift; path = APIController.swift; sourceTree = "<group>"; };
		87C608121AB33B8300C36E24 /* Blank52.png */ = {isa = PBXFileReference; lastKnownFileType = image.png; path = Blank52.png; sourceTree = "<group>"; };
		87C608141AB33E8400C36E24 /* Album.swift */ = {isa = PBXFileReference; fileEncoding = 4; lastKnownFileType = sourcecode.swift; path = Album.swift; sourceTree = "<group>"; };
		87C608161AB3445C00C36E24 /* DetailsViewController.swift */ = {isa = PBXFileReference; fileEncoding = 4; lastKnownFileType = sourcecode.swift; path = DetailsViewController.swift; sourceTree = "<group>"; };
/* End PBXFileReference section */

/* Begin PBXFrameworksBuildPhase section */
		87C607E81AB3257600C36E24 /* Frameworks */ = {
			isa = PBXFrameworksBuildPhase;
			buildActionMask = 2147483647;
			files = (
			);
			runOnlyForDeploymentPostprocessing = 0;
		};
		87C607FD1AB3257600C36E24 /* Frameworks */ = {
			isa = PBXFrameworksBuildPhase;
			buildActionMask = 2147483647;
			files = (
			);
			runOnlyForDeploymentPostprocessing = 0;
		};
/* End PBXFrameworksBuildPhase section */

/* Begin PBXGroup section */
		87C607E21AB3257600C36E24 = {
			isa = PBXGroup;
			children = (
				87C607ED1AB3257600C36E24 /* HelloWorld */,
				87C608031AB3257600C36E24 /* HelloWorldTests */,
				87C607EC1AB3257600C36E24 /* Products */,
			);
			sourceTree = "<group>";
		};
		87C607EC1AB3257600C36E24 /* Products */ = {
			isa = PBXGroup;
			children = (
				87C607EB1AB3257600C36E24 /* HelloWorld.app */,
				87C608001AB3257600C36E24 /* HelloWorldTests.xctest */,
			);
			name = Products;
			sourceTree = "<group>";
		};
		87C607ED1AB3257600C36E24 /* HelloWorld */ = {
			isa = PBXGroup;
			children = (
				87C607F01AB3257600C36E24 /* AppDelegate.swift */,
				87C608101AB3308500C36E24 /* APIController.swift */,
				87C607F21AB3257600C36E24 /* SearchResultsViewController.swift */,
				87C608161AB3445C00C36E24 /* DetailsViewController.swift */,
				87C608141AB33E8400C36E24 /* Album.swift */,
				874ABBAD1AB3D23F00395AB0 /* Track.swift */,
				874ABBAF1AB3D8C700395AB0 /* TrackCell.swift */,
				87C607F41AB3257600C36E24 /* Main.storyboard */,
				87C607F71AB3257600C36E24 /* Images.xcassets */,
				87C608121AB33B8300C36E24 /* Blank52.png */,
				87C607F91AB3257600C36E24 /* LaunchScreen.xib */,
				87C607EE1AB3257600C36E24 /* Supporting Files */,
			);
			path = HelloWorld;
			sourceTree = "<group>";
		};
		87C607EE1AB3257600C36E24 /* Supporting Files */ = {
			isa = PBXGroup;
			children = (
				87C607EF1AB3257600C36E24 /* Info.plist */,
			);
			name = "Supporting Files";
			sourceTree = "<group>";
		};
		87C608031AB3257600C36E24 /* HelloWorldTests */ = {
			isa = PBXGroup;
			children = (
				87C608061AB3257600C36E24 /* HelloWorldTests.swift */,
				87C608041AB3257600C36E24 /* Supporting Files */,
			);
			path = HelloWorldTests;
			sourceTree = "<group>";
		};
		87C608041AB3257600C36E24 /* Supporting Files */ = {
			isa = PBXGroup;
			children = (
				87C608051AB3257600C36E24 /* Info.plist */,
			);
			name = "Supporting Files";
			sourceTree = "<group>";
		};
/* End PBXGroup section */

/* Begin PBXNativeTarget section */
		87C607EA1AB3257600C36E24 /* HelloWorld */ = {
			isa = PBXNativeTarget;
			buildConfigurationList = 87C6080A1AB3257600C36E24 /* Build configuration list for PBXNativeTarget "HelloWorld" */;
			buildPhases = (
				87C607E71AB3257600C36E24 /* Sources */,
				87C607E81AB3257600C36E24 /* Frameworks */,
				87C607E91AB3257600C36E24 /* Resources */,
			);
			buildRules = (
			);
			dependencies = (
			);
			name = HelloWorld;
			productName = HelloWorld;
			productReference = 87C607EB1AB3257600C36E24 /* HelloWorld.app */;
			productType = "com.apple.product-type.application";
		};
		87C607FF1AB3257600C36E24 /* HelloWorldTests */ = {
			isa = PBXNativeTarget;
			buildConfigurationList = 87C6080D1AB3257600C36E24 /* Build configuration list for PBXNativeTarget "HelloWorldTests" */;
			buildPhases = (
				87C607FC1AB3257600C36E24 /* Sources */,
				87C607FD1AB3257600C36E24 /* Frameworks */,
				87C607FE1AB3257600C36E24 /* Resources */,
			);
			buildRules = (
			);
			dependencies = (
				87C608021AB3257600C36E24 /* PBXTargetDependency */,
			);
			name = HelloWorldTests;
			productName = HelloWorldTests;
			productReference = 87C608001AB3257600C36E24 /* HelloWorldTests.xctest */;
			productType = "com.apple.product-type.bundle.unit-test";
		};
/* End PBXNativeTarget section */

/* Begin PBXProject section */
		87C607E31AB3257600C36E24 /* Project object */ = {
			isa = PBXProject;
			attributes = {
				LastUpgradeCheck = 0620;
				TargetAttributes = {
					87C607EA1AB3257600C36E24 = {
						CreatedOnToolsVersion = 6.2;
					};
					87C607FF1AB3257600C36E24 = {
						CreatedOnToolsVersion = 6.2;
						TestTargetID = 87C607EA1AB3257600C36E24;
					};
				};
			};
			buildConfigurationList = 87C607E61AB3257600C36E24 /* Build configuration list for PBXProject "HelloWorld" */;
			compatibilityVersion = "Xcode 3.2";
			developmentRegion = English;
			hasScannedForEncodings = 0;
			knownRegions = (
				en,
				Base,
			);
			mainGroup = 87C607E21AB3257600C36E24;
			productRefGroup = 87C607EC1AB3257600C36E24 /* Products */;
			projectDirPath = "";
			projectRoot = "";
			targets = (
				87C607EA1AB3257600C36E24 /* HelloWorld */,
				87C607FF1AB3257600C36E24 /* HelloWorldTests */,
			);
		};
/* End PBXProject section */

/* Begin PBXResourcesBuildPhase section */
		87C607E91AB3257600C36E24 /* Resources */ = {
			isa = PBXResourcesBuildPhase;
			buildActionMask = 2147483647;
			files = (
				87C607F61AB3257600C36E24 /* Main.storyboard in Resources */,
				87C608131AB33B8300C36E24 /* Blank52.png in Resources */,
				87C607FB1AB3257600C36E24 /* LaunchScreen.xib in Resources */,
				87C607F81AB3257600C36E24 /* Images.xcassets in Resources */,
			);
			runOnlyForDeploymentPostprocessing = 0;
		};
		87C607FE1AB3257600C36E24 /* Resources */ = {
			isa = PBXResourcesBuildPhase;
			buildActionMask = 2147483647;
			files = (
			);
			runOnlyForDeploymentPostprocessing = 0;
		};
/* End PBXResourcesBuildPhase section */

/* Begin PBXSourcesBuildPhase section */
		87C607E71AB3257600C36E24 /* Sources */ = {
			isa = PBXSourcesBuildPhase;
			buildActionMask = 2147483647;
			files = (
				874ABBB01AB3D8C700395AB0 /* TrackCell.swift in Sources */,
				87C607F31AB3257600C36E24 /* SearchResultsViewController.swift in Sources */,
				87C607F11AB3257600C36E24 /* AppDelegate.swift in Sources */,
				87C608111AB3308500C36E24 /* APIController.swift in Sources */,
				87C608151AB33E8400C36E24 /* Album.swift in Sources */,
				87C608171AB3445C00C36E24 /* DetailsViewController.swift in Sources */,
				874ABBAE1AB3D23F00395AB0 /* Track.swift in Sources */,
			);
			runOnlyForDeploymentPostprocessing = 0;
		};
		87C607FC1AB3257600C36E24 /* Sources */ = {
			isa = PBXSourcesBuildPhase;
			buildActionMask = 2147483647;
			files = (
				87C608071AB3257600C36E24 /* HelloWorldTests.swift in Sources */,
			);
			runOnlyForDeploymentPostprocessing = 0;
		};
/* End PBXSourcesBuildPhase section */

/* Begin PBXTargetDependency section */
		87C608021AB3257600C36E24 /* PBXTargetDependency */ = {
			isa = PBXTargetDependency;
			target = 87C607EA1AB3257600C36E24 /* HelloWorld */;
			targetProxy = 87C608011AB3257600C36E24 /* PBXContainerItemProxy */;
		};
/* End PBXTargetDependency section */

/* Begin PBXVariantGroup section */
		87C607F41AB3257600C36E24 /* Main.storyboard */ = {
			isa = PBXVariantGroup;
			children = (
				87C607F51AB3257600C36E24 /* Base */,
			);
			name = Main.storyboard;
			sourceTree = "<group>";
		};
		87C607F91AB3257600C36E24 /* LaunchScreen.xib */ = {
			isa = PBXVariantGroup;
			children = (
				87C607FA1AB3257600C36E24 /* Base */,
			);
			name = LaunchScreen.xib;
			sourceTree = "<group>";
		};
/* End PBXVariantGroup section */

/* Begin XCBuildConfiguration section */
		87C608081AB3257600C36E24 /* Debug */ = {
			isa = XCBuildConfiguration;
			buildSettings = {
				ALWAYS_SEARCH_USER_PATHS = NO;
				CLANG_CXX_LANGUAGE_STANDARD = "gnu++0x";
				CLANG_CXX_LIBRARY = "libc++";
				CLANG_ENABLE_MODULES = YES;
				CLANG_ENABLE_OBJC_ARC = YES;
				CLANG_WARN_BOOL_CONVERSION = YES;
				CLANG_WARN_CONSTANT_CONVERSION = YES;
				CLANG_WARN_DIRECT_OBJC_ISA_USAGE = YES_ERROR;
				CLANG_WARN_EMPTY_BODY = YES;
				CLANG_WARN_ENUM_CONVERSION = YES;
				CLANG_WARN_INT_CONVERSION = YES;
				CLANG_WARN_OBJC_ROOT_CLASS = YES_ERROR;
				CLANG_WARN_UNREACHABLE_CODE = YES;
				CLANG_WARN__DUPLICATE_METHOD_MATCH = YES;
				"CODE_SIGN_IDENTITY[sdk=iphoneos*]" = "iPhone Developer";
				COPY_PHASE_STRIP = NO;
				ENABLE_STRICT_OBJC_MSGSEND = YES;
				GCC_C_LANGUAGE_STANDARD = gnu99;
				GCC_DYNAMIC_NO_PIC = NO;
				GCC_OPTIMIZATION_LEVEL = 0;
				GCC_PREPROCESSOR_DEFINITIONS = (
					"DEBUG=1",
					"$(inherited)",
				);
				GCC_SYMBOLS_PRIVATE_EXTERN = NO;
				GCC_WARN_64_TO_32_BIT_CONVERSION = YES;
				GCC_WARN_ABOUT_RETURN_TYPE = YES_ERROR;
				GCC_WARN_UNDECLARED_SELECTOR = YES;
				GCC_WARN_UNINITIALIZED_AUTOS = YES_AGGRESSIVE;
				GCC_WARN_UNUSED_FUNCTION = YES;
				GCC_WARN_UNUSED_VARIABLE = YES;
				IPHONEOS_DEPLOYMENT_TARGET = 8.2;
				MTL_ENABLE_DEBUG_INFO = YES;
				ONLY_ACTIVE_ARCH = YES;
				SDKROOT = iphoneos;
				SWIFT_OPTIMIZATION_LEVEL = "-Onone";
				TARGETED_DEVICE_FAMILY = "1,2";
			};
			name = Debug;
		};
		87C608091AB3257600C36E24 /* Release */ = {
			isa = XCBuildConfiguration;
			buildSettings = {
				ALWAYS_SEARCH_USER_PATHS = NO;
				CLANG_CXX_LANGUAGE_STANDARD = "gnu++0x";
				CLANG_CXX_LIBRARY = "libc++";
				CLANG_ENABLE_MODULES = YES;
				CLANG_ENABLE_OBJC_ARC = YES;
				CLANG_WARN_BOOL_CONVERSION = YES;
				CLANG_WARN_CONSTANT_CONVERSION = YES;
				CLANG_WARN_DIRECT_OBJC_ISA_USAGE = YES_ERROR;
				CLANG_WARN_EMPTY_BODY = YES;
				CLANG_WARN_ENUM_CONVERSION = YES;
				CLANG_WARN_INT_CONVERSION = YES;
				CLANG_WARN_OBJC_ROOT_CLASS = YES_ERROR;
				CLANG_WARN_UNREACHABLE_CODE = YES;
				CLANG_WARN__DUPLICATE_METHOD_MATCH = YES;
				"CODE_SIGN_IDENTITY[sdk=iphoneos*]" = "iPhone Developer";
				COPY_PHASE_STRIP = NO;
				ENABLE_NS_ASSERTIONS = NO;
				ENABLE_STRICT_OBJC_MSGSEND = YES;
				GCC_C_LANGUAGE_STANDARD = gnu99;
				GCC_WARN_64_TO_32_BIT_CONVERSION = YES;
				GCC_WARN_ABOUT_RETURN_TYPE = YES_ERROR;
				GCC_WARN_UNDECLARED_SELECTOR = YES;
				GCC_WARN_UNINITIALIZED_AUTOS = YES_AGGRESSIVE;
				GCC_WARN_UNUSED_FUNCTION = YES;
				GCC_WARN_UNUSED_VARIABLE = YES;
				IPHONEOS_DEPLOYMENT_TARGET = 8.2;
				MTL_ENABLE_DEBUG_INFO = NO;
				SDKROOT = iphoneos;
				TARGETED_DEVICE_FAMILY = "1,2";
				VALIDATE_PRODUCT = YES;
			};
			name = Release;
		};
		87C6080B1AB3257600C36E24 /* Debug */ = {
			isa = XCBuildConfiguration;
			buildSettings = {
				ASSETCATALOG_COMPILER_APPICON_NAME = AppIcon;
				INFOPLIST_FILE = HelloWorld/Info.plist;
				LD_RUNPATH_SEARCH_PATHS = "$(inherited) @executable_path/Frameworks";
				PRODUCT_NAME = "$(TARGET_NAME)";
			};
			name = Debug;
		};
		87C6080C1AB3257600C36E24 /* Release */ = {
			isa = XCBuildConfiguration;
			buildSettings = {
				ASSETCATALOG_COMPILER_APPICON_NAME = AppIcon;
				INFOPLIST_FILE = HelloWorld/Info.plist;
				LD_RUNPATH_SEARCH_PATHS = "$(inherited) @executable_path/Frameworks";
				PRODUCT_NAME = "$(TARGET_NAME)";
			};
			name = Release;
		};
		87C6080E1AB3257600C36E24 /* Debug */ = {
			isa = XCBuildConfiguration;
			buildSettings = {
				BUNDLE_LOADER = "$(TEST_HOST)";
				FRAMEWORK_SEARCH_PATHS = (
					"$(SDKROOT)/Developer/Library/Frameworks",
					"$(inherited)",
				);
				GCC_PREPROCESSOR_DEFINITIONS = (
					"DEBUG=1",
					"$(inherited)",
				);
				INFOPLIST_FILE = HelloWorldTests/Info.plist;
				LD_RUNPATH_SEARCH_PATHS = "$(inherited) @executable_path/Frameworks @loader_path/Frameworks";
				PRODUCT_NAME = "$(TARGET_NAME)";
				TEST_HOST = "$(BUILT_PRODUCTS_DIR)/HelloWorld.app/HelloWorld";
			};
			name = Debug;
		};
		87C6080F1AB3257600C36E24 /* Release */ = {
			isa = XCBuildConfiguration;
			buildSettings = {
				BUNDLE_LOADER = "$(TEST_HOST)";
				FRAMEWORK_SEARCH_PATHS = (
					"$(SDKROOT)/Developer/Library/Frameworks",
					"$(inherited)",
				);
				INFOPLIST_FILE = HelloWorldTests/Info.plist;
				LD_RUNPATH_SEARCH_PATHS = "$(inherited) @executable_path/Frameworks @loader_path/Frameworks";
				PRODUCT_NAME = "$(TARGET_NAME)";
				TEST_HOST = "$(BUILT_PRODUCTS_DIR)/HelloWorld.app/HelloWorld";
			};
			name = Release;
		};
/* End XCBuildConfiguration section */

/* Begin XCConfigurationList section */
		87C607E61AB3257600C36E24 /* Build configuration list for PBXProject "HelloWorld" */ = {
			isa = XCConfigurationList;
			buildConfigurations = (
				87C608081AB3257600C36E24 /* Debug */,
				87C608091AB3257600C36E24 /* Release */,
			);
			defaultConfigurationIsVisible = 0;
			defaultConfigurationName = Release;
		};
		87C6080A1AB3257600C36E24 /* Build configuration list for PBXNativeTarget "HelloWorld" */ = {
			isa = XCConfigurationList;
			buildConfigurations = (
				87C6080B1AB3257600C36E24 /* Debug */,
				87C6080C1AB3257600C36E24 /* Release */,
			);
			defaultConfigurationIsVisible = 0;
			defaultConfigurationName = Release;
		};
		87C6080D1AB3257600C36E24 /* Build configuration list for PBXNativeTarget "HelloWorldTests" */ = {
			isa = XCConfigurationList;
			buildConfigurations = (
				87C6080E1AB3257600C36E24 /* Debug */,
				87C6080F1AB3257600C36E24 /* Release */,
			);
			defaultConfigurationIsVisible = 0;
			defaultConfigurationName = Release;
		};
/* End XCConfigurationList section */
	};
	rootObject = 87C607E31AB3257600C36E24 /* Project object */;
}
